lockfileVersion: '9.0'

settings:
  autoInstallPeers: true
  excludeLinksFromLockfile: false

importers:

  .:
    dependencies:
      date-fns:
        specifier: ^4.3.0
        version: 4.3.0

packages:

  date-fns@4.3.0:
    resolution: {integrity: sha512-OYcL+3N/jyWbYdFGqoMAhytDgxP9pbYPUUiRCOgn4Fewaadk9l/Wam4Avciiyp2BgkpfQyBV9B+ehnVJych+eQ==}

snapshots:

  date-fns@4.3.0: {}
